
Microsoft Visual Studio Solution File, Format Version 12.00
# Visual Studio Version 17
VisualStudioVersion = 17.1.32414.318
MinimumVisualStudioVersion = 10.0.40219.1
Project("{9A19103F-16F7-4668-BE54-9A1E7A4F7556}") = "OnlineShopWebApp", "OnlineShopWebApp\OnlineShopWebApp.csproj", "{621373A0-68DD-4F54-8506-5BF43EF05185}"
EndProject
Project("{FAE04EC0-301F-11D3-BF4B-00C04F79EFBC}") = "OnlineShop.Db", "OnlineShop.Db\OnlineShop.Db.csproj", "{E1DA8D0C-F1A8-4D6A-B4FD-4CEED6C500BA}"
EndProject
Global
	GlobalSection(SolutionConfigurationPlatforms) = preSolution
		Debug|Any CPU = Debug|Any CPU
		Release|Any CPU = Release|Any CPU
	EndGlobalSection
	GlobalSection(ProjectConfigurationPlatforms) = postSolution
		{621373A0-68DD-4F54-8506-5BF43EF05185}.Debug|Any CPU.ActiveCfg = Debug|Any CPU
		{621373A0-68DD-4F54-8506-5BF43EF05185}.Debug|Any CPU.Build.0 = Debug|Any CPU
		{621373A0-68DD-4F54-8506-5BF43EF05185}.Release|Any CPU.ActiveCfg = Release|Any CPU
		{621373A0-68DD-4F54-8506-5BF43EF05185}.Release|Any CPU.Build.0 = Release|Any CPU
		{E1DA8D0C-F1A8-4D6A-B4FD-4CEED6C500BA}.Debug|Any CPU.ActiveCfg = Debug|Any CPU
		{E1DA8D0C-F1A8-4D6A-B4FD-4CEED6C500BA}.Debug|Any CPU.Build.0 = Debug|Any CPU
		{E1DA8D0C-F1A8-4D6A-B4FD-4CEED6C500BA}.Release|Any CPU.ActiveCfg = Release|Any CPU
		{E1DA8D0C-F1A8-4D6A-B4FD-4CEED6C500BA}.Release|Any CPU.Build.0 = Release|Any CPU
	EndGlobalSection
	GlobalSection(SolutionProperties) = preSolution
		HideSolutionNode = FALSE
	EndGlobalSection
	GlobalSection(ExtensibilityGlobals) = postSolution
		SolutionGuid = {CD9F367A-73F3-411A-AA03-14C2713EE795}
	EndGlobalSection
EndGlobal
