
Microsoft Visual Studio Solution File, Format Version 12.00
# Visual Studio Version 17
VisualStudioVersion = 17.1.32228.430
MinimumVisualStudioVersion = 10.0.40219.1
Project("{9A19103F-16F7-4668-BE54-9A1E7A4F7556}") = "OnlineShopWebApp", "OnlineShopWebApp\OnlineShopWebApp.csproj", "{2FE2A8BA-D204-4334-8645-DF8CAC2667C3}"
EndProject
Project("{9A19103F-16F7-4668-BE54-9A1E7A4F7556}") = "OnlineShop.db", "OnlineShop.db\OnlineShop.db.csproj", "{24F3A9F1-5D57-4A31-9F80-2D9BC93AF95A}"
EndProject
Project("{FAE04EC0-301F-11D3-BF4B-00C04F79EFBC}") = "TelegramTourBot", "TelegramTourBot\TelegramTourBot.csproj", "{C5FD7247-AE30-4C8A-8D92-73B5C532FF55}"
EndProject
Global
	GlobalSection(SolutionConfigurationPlatforms) = preSolution
		Debug|Any CPU = Debug|Any CPU
		Release|Any CPU = Release|Any CPU
	EndGlobalSection
	GlobalSection(ProjectConfigurationPlatforms) = postSolution
		{2FE2A8BA-D204-4334-8645-DF8CAC2667C3}.Debug|Any CPU.ActiveCfg = Debug|Any CPU
		{2FE2A8BA-D204-4334-8645-DF8CAC2667C3}.Debug|Any CPU.Build.0 = Debug|Any CPU
		{2FE2A8BA-D204-4334-8645-DF8CAC2667C3}.Release|Any CPU.ActiveCfg = Release|Any CPU
		{2FE2A8BA-D204-4334-8645-DF8CAC2667C3}.Release|Any CPU.Build.0 = Release|Any CPU
		{24F3A9F1-5D57-4A31-9F80-2D9BC93AF95A}.Debug|Any CPU.ActiveCfg = Debug|Any CPU
		{24F3A9F1-5D57-4A31-9F80-2D9BC93AF95A}.Debug|Any CPU.Build.0 = Debug|Any CPU
		{24F3A9F1-5D57-4A31-9F80-2D9BC93AF95A}.Release|Any CPU.ActiveCfg = Release|Any CPU
		{24F3A9F1-5D57-4A31-9F80-2D9BC93AF95A}.Release|Any CPU.Build.0 = Release|Any CPU
		{C5FD7247-AE30-4C8A-8D92-73B5C532FF55}.Debug|Any CPU.ActiveCfg = Debug|Any CPU
		{C5FD7247-AE30-4C8A-8D92-73B5C532FF55}.Debug|Any CPU.Build.0 = Debug|Any CPU
		{C5FD7247-AE30-4C8A-8D92-73B5C532FF55}.Release|Any CPU.ActiveCfg = Release|Any CPU
		{C5FD7247-AE30-4C8A-8D92-73B5C532FF55}.Release|Any CPU.Build.0 = Release|Any CPU
	EndGlobalSection
	GlobalSection(SolutionProperties) = preSolution
		HideSolutionNode = FALSE
	EndGlobalSection
	GlobalSection(ExtensibilityGlobals) = postSolution
		SolutionGuid = {94C8E9B0-B9D3-4E85-8810-1E2BAA7118C4}
	EndGlobalSection
EndGlobal
